// !$*UTF8*$!
{
	archiveVersion = 1;
	classes = {
	};
	objectVersion = 50;
	objects = {

/* Begin PBXBuildFile section */
		10F8F1690BCB3DC8A2CA53F8 /* Pods_WebMotors.framework in Frameworks */ = {isa = PBXBuildFile; fileRef = 6B65E547AC06544941B72C2A /* Pods_WebMotors.framework */; };
		2F3D10C320A77C6D00DEB78E /* carsCollectionViewController.swift in Sources */ = {isa = PBXBuildFile; fileRef = 2F3D10C220A77C6D00DEB78E /* carsCollectionViewController.swift */; };
		2F3D10C520A77C7D00DEB78E /* Car.swift in Sources */ = {isa = PBXBuildFile; fileRef = 2F3D10C420A77C7D00DEB78E /* Car.swift */; };
		2F3D10C720A77C9200DEB78E /* request.swift in Sources */ = {isa = PBXBuildFile; fileRef = 2F3D10C620A77C9200DEB78E /* request.swift */; };
		2F3D10C920A77C9C00DEB78E /* parser.swift in Sources */ = {isa = PBXBuildFile; fileRef = 2F3D10C820A77C9C00DEB78E /* parser.swift */; };
		2F3D10CC20A77D9600DEB78E /* carCollectionViewCell.swift in Sources */ = {isa = PBXBuildFile; fileRef = 2F3D10CB20A77D9600DEB78E /* carCollectionViewCell.swift */; };
		2FDD028120A773DF0094CE33 /* AppDelegate.swift in Sources */ = {isa = PBXBuildFile; fileRef = 2FDD028020A773DF0094CE33 /* AppDelegate.swift */; };
		2FDD028320A773DF0094CE33 /* detailsViewController.swift in Sources */ = {isa = PBXBuildFile; fileRef = 2FDD028220A773DF0094CE33 /* detailsViewController.swift */; };
		2FDD028620A773DF0094CE33 /* Main.storyboard in Resources */ = {isa = PBXBuildFile; fileRef = 2FDD028420A773DF0094CE33 /* Main.storyboard */; };
		2FDD028820A773E10094CE33 /* Assets.xcassets in Resources */ = {isa = PBXBuildFile; fileRef = 2FDD028720A773E10094CE33 /* Assets.xcassets */; };
		2FDD028B20A773E10094CE33 /* LaunchScreen.storyboard in Resources */ = {isa = PBXBuildFile; fileRef = 2FDD028920A773E10094CE33 /* LaunchScreen.storyboard */; };
		2FDD029620A773E10094CE33 /* WebMotorsTests.swift in Sources */ = {isa = PBXBuildFile; fileRef = 2FDD029520A773E10094CE33 /* WebMotorsTests.swift */; };
		2FDD02A120A773E10094CE33 /* WebMotorsUITests.swift in Sources */ = {isa = PBXBuildFile; fileRef = 2FDD02A020A773E10094CE33 /* WebMotorsUITests.swift */; };
		2FE3C49E20A7D31C0019F59A /* loadingCollectionViewCell.swift in Sources */ = {isa = PBXBuildFile; fileRef = 2FE3C49C20A7D31C0019F59A /* loadingCollectionViewCell.swift */; };
		2FE3C49F20A7D31C0019F59A /* loadingCollectionViewCell.xib in Resources */ = {isa = PBXBuildFile; fileRef = 2FE3C49D20A7D31C0019F59A /* loadingCollectionViewCell.xib */; };
/* End PBXBuildFile section */

/* Begin PBXContainerItemProxy section */
		2FDD029220A773E10094CE33 /* PBXContainerItemProxy */ = {
			isa = PBXContainerItemProxy;
			containerPortal = 2FDD027520A773DF0094CE33 /* Project object */;
			proxyType = 1;
			remoteGlobalIDString = 2FDD027C20A773DF0094CE33;
			remoteInfo = WebMotors;
		};
		2FDD029D20A773E10094CE33 /* PBXContainerItemProxy */ = {
			isa = PBXContainerItemProxy;
			containerPortal = 2FDD027520A773DF0094CE33 /* Project object */;
			proxyType = 1;
			remoteGlobalIDString = 2FDD027C20A773DF0094CE33;
			remoteInfo = WebMotors;
		};
/* End PBXContainerItemProxy section */

/* Begin PBXFileReference section */
		0D401F57C84697E36F04D253 /* Pods-WebMotors.release.xcconfig */ = {isa = PBXFileReference; includeInIndex = 1; lastKnownFileType = text.xcconfig; name = "Pods-WebMotors.release.xcconfig"; path = "Pods/Target Support Files/Pods-WebMotors/Pods-WebMotors.release.xcconfig"; sourceTree = "<group>"; };
		1D77288899E6E0645D5CC08F /* Pods-WebMotors.debug.xcconfig */ = {isa = PBXFileReference; includeInIndex = 1; lastKnownFileType = text.xcconfig; name = "Pods-WebMotors.debug.xcconfig"; path = "Pods/Target Support Files/Pods-WebMotors/Pods-WebMotors.debug.xcconfig"; sourceTree = "<group>"; };
		2F3D10C220A77C6D00DEB78E /* carsCollectionViewController.swift */ = {isa = PBXFileReference; lastKnownFileType = sourcecode.swift; path = carsCollectionViewController.swift; sourceTree = "<group>"; };
		2F3D10C420A77C7D00DEB78E /* Car.swift */ = {isa = PBXFileReference; lastKnownFileType = sourcecode.swift; path = Car.swift; sourceTree = "<group>"; };
		2F3D10C620A77C9200DEB78E /* request.swift */ = {isa = PBXFileReference; lastKnownFileType = sourcecode.swift; path = request.swift; sourceTree = "<group>"; };
		2F3D10C820A77C9C00DEB78E /* parser.swift */ = {isa = PBXFileReference; lastKnownFileType = sourcecode.swift; path = parser.swift; sourceTree = "<group>"; };
		2F3D10CB20A77D9600DEB78E /* carCollectionViewCell.swift */ = {isa = PBXFileReference; lastKnownFileType = sourcecode.swift; path = carCollectionViewCell.swift; sourceTree = "<group>"; };
		2FDD027D20A773DF0094CE33 /* WebMotors.app */ = {isa = PBXFileReference; explicitFileType = wrapper.application; includeInIndex = 0; path = WebMotors.app; sourceTree = BUILT_PRODUCTS_DIR; };
		2FDD028020A773DF0094CE33 /* AppDelegate.swift */ = {isa = PBXFileReference; lastKnownFileType = sourcecode.swift; path = AppDelegate.swift; sourceTree = "<group>"; };
		2FDD028220A773DF0094CE33 /* detailsViewController.swift */ = {isa = PBXFileReference; lastKnownFileType = sourcecode.swift; path = detailsViewController.swift; sourceTree = "<group>"; };
		2FDD028520A773DF0094CE33 /* Base */ = {isa = PBXFileReference; lastKnownFileType = file.storyboard; name = Base; path = Base.lproj/Main.storyboard; sourceTree = "<group>"; };
		2FDD028720A773E10094CE33 /* Assets.xcassets */ = {isa = PBXFileReference; lastKnownFileType = folder.assetcatalog; path = Assets.xcassets; sourceTree = "<group>"; };
		2FDD028A20A773E10094CE33 /* Base */ = {isa = PBXFileReference; lastKnownFileType = file.storyboard; name = Base; path = Base.lproj/LaunchScreen.storyboard; sourceTree = "<group>"; };
		2FDD028C20A773E10094CE33 /* Info.plist */ = {isa = PBXFileReference; lastKnownFileType = text.plist.xml; path = Info.plist; sourceTree = "<group>"; };
		2FDD029120A773E10094CE33 /* WebMotorsTests.xctest */ = {isa = PBXFileReference; explicitFileType = wrapper.cfbundle; includeInIndex = 0; path = WebMotorsTests.xctest; sourceTree = BUILT_PRODUCTS_DIR; };
		2FDD029520A773E10094CE33 /* WebMotorsTests.swift */ = {isa = PBXFileReference; lastKnownFileType = sourcecode.swift; path = WebMotorsTests.swift; sourceTree = "<group>"; };
		2FDD029720A773E10094CE33 /* Info.plist */ = {isa = PBXFileReference; lastKnownFileType = text.plist.xml; path = Info.plist; sourceTree = "<group>"; };
		2FDD029C20A773E10094CE33 /* WebMotorsUITests.xctest */ = {isa = PBXFileReference; explicitFileType = wrapper.cfbundle; includeInIndex = 0; path = WebMotorsUITests.xctest; sourceTree = BUILT_PRODUCTS_DIR; };
		2FDD02A020A773E10094CE33 /* WebMotorsUITests.swift */ = {isa = PBXFileReference; lastKnownFileType = sourcecode.swift; path = WebMotorsUITests.swift; sourceTree = "<group>"; };
		2FDD02A220A773E10094CE33 /* Info.plist */ = {isa = PBXFileReference; lastKnownFileType = text.plist.xml; path = Info.plist; sourceTree = "<group>"; };
		2FE3C49C20A7D31C0019F59A /* loadingCollectionViewCell.swift */ = {isa = PBXFileReference; lastKnownFileType = sourcecode.swift; path = loadingCollectionViewCell.swift; sourceTree = "<group>"; };
		2FE3C49D20A7D31C0019F59A /* loadingCollectionViewCell.xib */ = {isa = PBXFileReference; lastKnownFileType = file.xib; path = loadingCollectionViewCell.xib; sourceTree = "<group>"; };
		6B65E547AC06544941B72C2A /* Pods_WebMotors.framework */ = {isa = PBXFileReference; explicitFileType = wrapper.framework; includeInIndex = 0; path = Pods_WebMotors.framework; sourceTree = BUILT_PRODUCTS_DIR; };
/* End PBXFileReference section */

/* Begin PBXFrameworksBuildPhase section */
		2FDD027A20A773DF0094CE33 /* Frameworks */ = {
			isa = PBXFrameworksBuildPhase;
			buildActionMask = 2147483647;
			files = (
				10F8F1690BCB3DC8A2CA53F8 /* Pods_WebMotors.framework in Frameworks */,
			);
			runOnlyForDeploymentPostprocessing = 0;
		};
		2FDD028E20A773E10094CE33 /* Frameworks */ = {
			isa = PBXFrameworksBuildPhase;
			buildActionMask = 2147483647;
			files = (
			);
			runOnlyForDeploymentPostprocessing = 0;
		};
		2FDD029920A773E10094CE33 /* Frameworks */ = {
			isa = PBXFrameworksBuildPhase;
			buildActionMask = 2147483647;
			files = (
			);
			runOnlyForDeploymentPostprocessing = 0;
		};
/* End PBXFrameworksBuildPhase section */

/* Begin PBXGroup section */
		2F3D10BE20A77BFB00DEB78E /* ViewControllers */ = {
			isa = PBXGroup;
			children = (
				2F3D10C220A77C6D00DEB78E /* carsCollectionViewController.swift */,
				2FDD028220A773DF0094CE33 /* detailsViewController.swift */,
			);
			path = ViewControllers;
			sourceTree = "<group>";
		};
		2F3D10BF20A77C1700DEB78E /* Objects */ = {
			isa = PBXGroup;
			children = (
				2F3D10C420A77C7D00DEB78E /* Car.swift */,
			);
			path = Objects;
			sourceTree = "<group>";
		};
		2F3D10C020A77C2200DEB78E /* Storyboards */ = {
			isa = PBXGroup;
			children = (
				2FDD028420A773DF0094CE33 /* Main.storyboard */,
				2FDD028920A773E10094CE33 /* LaunchScreen.storyboard */,
			);
			path = Storyboards;
			sourceTree = "<group>";
		};
		2F3D10C120A77C2E00DEB78E /* Core */ = {
			isa = PBXGroup;
			children = (
				2F3D10C620A77C9200DEB78E /* request.swift */,
				2F3D10C820A77C9C00DEB78E /* parser.swift */,
			);
			path = Core;
			sourceTree = "<group>";
		};
		2F3D10CA20A77D8000DEB78E /* Cells */ = {
			isa = PBXGroup;
			children = (
				2F3D10CB20A77D9600DEB78E /* carCollectionViewCell.swift */,
				2FE3C49C20A7D31C0019F59A /* loadingCollectionViewCell.swift */,
				2FE3C49D20A7D31C0019F59A /* loadingCollectionViewCell.xib */,
			);
			path = Cells;
			sourceTree = "<group>";
		};
		2FDD027420A773DF0094CE33 = {
			isa = PBXGroup;
			children = (
				2FDD027F20A773DF0094CE33 /* WebMotors */,
				2FDD029420A773E10094CE33 /* WebMotorsTests */,
				2FDD029F20A773E10094CE33 /* WebMotorsUITests */,
				2FDD027E20A773DF0094CE33 /* Products */,
				DD11AC253ABF2F155D13B78B /* Pods */,
				7F6739FC344CC65F3DEBBAF6 /* Frameworks */,
			);
			sourceTree = "<group>";
		};
		2FDD027E20A773DF0094CE33 /* Products */ = {
			isa = PBXGroup;
			children = (
				2FDD027D20A773DF0094CE33 /* WebMotors.app */,
				2FDD029120A773E10094CE33 /* WebMotorsTests.xctest */,
				2FDD029C20A773E10094CE33 /* WebMotorsUITests.xctest */,
			);
			name = Products;
			sourceTree = "<group>";
		};
		2FDD027F20A773DF0094CE33 /* WebMotors */ = {
			isa = PBXGroup;
			children = (
				2F3D10CA20A77D8000DEB78E /* Cells */,
				2F3D10C120A77C2E00DEB78E /* Core */,
				2F3D10C020A77C2200DEB78E /* Storyboards */,
				2F3D10BF20A77C1700DEB78E /* Objects */,
				2F3D10BE20A77BFB00DEB78E /* ViewControllers */,
				2FDD028020A773DF0094CE33 /* AppDelegate.swift */,
				2FDD028720A773E10094CE33 /* Assets.xcassets */,
				2FDD028C20A773E10094CE33 /* Info.plist */,
			);
			path = WebMotors;
			sourceTree = "<group>";
		};
		2FDD029420A773E10094CE33 /* WebMotorsTests */ = {
			isa = PBXGroup;
			children = (
				2FDD029520A773E10094CE33 /* WebMotorsTests.swift */,
				2FDD029720A773E10094CE33 /* Info.plist */,
			);
			path = WebMotorsTests;
			sourceTree = "<group>";
		};
		2FDD029F20A773E10094CE33 /* WebMotorsUITests */ = {
			isa = PBXGroup;
			children = (
				2FDD02A020A773E10094CE33 /* WebMotorsUITests.swift */,
				2FDD02A220A773E10094CE33 /* Info.plist */,
			);
			path = WebMotorsUITests;
			sourceTree = "<group>";
		};
		7F6739FC344CC65F3DEBBAF6 /* Frameworks */ = {
			isa = PBXGroup;
			children = (
				6B65E547AC06544941B72C2A /* Pods_WebMotors.framework */,
			);
			name = Frameworks;
			sourceTree = "<group>";
		};
		DD11AC253ABF2F155D13B78B /* Pods */ = {
			isa = PBXGroup;
			children = (
				1D77288899E6E0645D5CC08F /* Pods-WebMotors.debug.xcconfig */,
				0D401F57C84697E36F04D253 /* Pods-WebMotors.release.xcconfig */,
			);
			name = Pods;
			sourceTree = "<group>";
		};
/* End PBXGroup section */

/* Begin PBXNativeTarget section */
		2FDD027C20A773DF0094CE33 /* WebMotors */ = {
			isa = PBXNativeTarget;
			buildConfigurationList = 2FDD02A520A773E10094CE33 /* Build configuration list for PBXNativeTarget "WebMotors" */;
			buildPhases = (
				96F0984F3B75D6FAE5A0BE51 /* [CP] Check Pods Manifest.lock */,
				2FDD027920A773DF0094CE33 /* Sources */,
				2FDD027A20A773DF0094CE33 /* Frameworks */,
				2FDD027B20A773DF0094CE33 /* Resources */,
				A6D0624C4B6B0F0AF65D3806 /* [CP] Embed Pods Frameworks */,
			);
			buildRules = (
			);
			dependencies = (
			);
			name = WebMotors;
			productName = WebMotors;
			productReference = 2FDD027D20A773DF0094CE33 /* WebMotors.app */;
			productType = "com.apple.product-type.application";
		};
		2FDD029020A773E10094CE33 /* WebMotorsTests */ = {
			isa = PBXNativeTarget;
			buildConfigurationList = 2FDD02A820A773E10094CE33 /* Build configuration list for PBXNativeTarget "WebMotorsTests" */;
			buildPhases = (
				2FDD028D20A773E10094CE33 /* Sources */,
				2FDD028E20A773E10094CE33 /* Frameworks */,
				2FDD028F20A773E10094CE33 /* Resources */,
			);
			buildRules = (
			);
			dependencies = (
				2FDD029320A773E10094CE33 /* PBXTargetDependency */,
			);
			name = WebMotorsTests;
			productName = WebMotorsTests;
			productReference = 2FDD029120A773E10094CE33 /* WebMotorsTests.xctest */;
			productType = "com.apple.product-type.bundle.unit-test";
		};
		2FDD029B20A773E10094CE33 /* WebMotorsUITests */ = {
			isa = PBXNativeTarget;
			buildConfigurationList = 2FDD02AB20A773E10094CE33 /* Build configuration list for PBXNativeTarget "WebMotorsUITests" */;
			buildPhases = (
				2FDD029820A773E10094CE33 /* Sources */,
				2FDD029920A773E10094CE33 /* Frameworks */,
				2FDD029A20A773E10094CE33 /* Resources */,
			);
			buildRules = (
			);
			dependencies = (
				2FDD029E20A773E10094CE33 /* PBXTargetDependency */,
			);
			name = WebMotorsUITests;
			productName = WebMotorsUITests;
			productReference = 2FDD029C20A773E10094CE33 /* WebMotorsUITests.xctest */;
			productType = "com.apple.product-type.bundle.ui-testing";
		};
/* End PBXNativeTarget section */

/* Begin PBXProject section */
		2FDD027520A773DF0094CE33 /* Project object */ = {
			isa = PBXProject;
			attributes = {
				LastSwiftUpdateCheck = 0930;
				LastUpgradeCheck = 0930;
				ORGANIZATIONNAME = mattcbr;
				TargetAttributes = {
					2FDD027C20A773DF0094CE33 = {
						CreatedOnToolsVersion = 9.3;
					};
					2FDD029020A773E10094CE33 = {
						CreatedOnToolsVersion = 9.3;
						TestTargetID = 2FDD027C20A773DF0094CE33;
					};
					2FDD029B20A773E10094CE33 = {
						CreatedOnToolsVersion = 9.3;
						TestTargetID = 2FDD027C20A773DF0094CE33;
					};
				};
			};
			buildConfigurationList = 2FDD027820A773DF0094CE33 /* Build configuration list for PBXProject "WebMotors" */;
			compatibilityVersion = "Xcode 9.3";
			developmentRegion = en;
			hasScannedForEncodings = 0;
			knownRegions = (
				en,
				Base,
			);
			mainGroup = 2FDD027420A773DF0094CE33;
			productRefGroup = 2FDD027E20A773DF0094CE33 /* Products */;
			projectDirPath = "";
			projectRoot = "";
			targets = (
				2FDD027C20A773DF0094CE33 /* WebMotors */,
				2FDD029020A773E10094CE33 /* WebMotorsTests */,
				2FDD029B20A773E10094CE33 /* WebMotorsUITests */,
			);
		};
/* End PBXProject section */

/* Begin PBXResourcesBuildPhase section */
		2FDD027B20A773DF0094CE33 /* Resources */ = {
			isa = PBXResourcesBuildPhase;
			buildActionMask = 2147483647;
			files = (
				2FDD028B20A773E10094CE33 /* LaunchScreen.storyboard in Resources */,
				2FDD028820A773E10094CE33 /* Assets.xcassets in Resources */,
				2FDD028620A773DF0094CE33 /* Main.storyboard in Resources */,
				2FE3C49F20A7D31C0019F59A /* loadingCollectionViewCell.xib in Resources */,
			);
			runOnlyForDeploymentPostprocessing = 0;
		};
		2FDD028F20A773E10094CE33 /* Resources */ = {
			isa = PBXResourcesBuildPhase;
			buildActionMask = 2147483647;
			files = (
			);
			runOnlyForDeploymentPostprocessing = 0;
		};
		2FDD029A20A773E10094CE33 /* Resources */ = {
			isa = PBXResourcesBuildPhase;
			buildActionMask = 2147483647;
			files = (
			);
			runOnlyForDeploymentPostprocessing = 0;
		};
/* End PBXResourcesBuildPhase section */

/* Begin PBXShellScriptBuildPhase section */
		96F0984F3B75D6FAE5A0BE51 /* [CP] Check Pods Manifest.lock */ = {
			isa = PBXShellScriptBuildPhase;
			buildActionMask = 2147483647;
			files = (
			);
			inputPaths = (
				"${PODS_PODFILE_DIR_PATH}/Podfile.lock",
				"${PODS_ROOT}/Manifest.lock",
			);
			name = "[CP] Check Pods Manifest.lock";
			outputPaths = (
				"$(DERIVED_FILE_DIR)/Pods-WebMotors-checkManifestLockResult.txt",
			);
			runOnlyForDeploymentPostprocessing = 0;
			shellPath = /bin/sh;
			shellScript = "diff \"${PODS_PODFILE_DIR_PATH}/Podfile.lock\" \"${PODS_ROOT}/Manifest.lock\" > /dev/null\nif [ $? != 0 ] ; then\n    # print error to STDERR\n    echo \"error: The sandbox is not in sync with the Podfile.lock. Run 'pod install' or update your CocoaPods installation.\" >&2\n    exit 1\nfi\n# This output is used by Xcode 'outputs' to avoid re-running this script phase.\necho \"SUCCESS\" > \"${SCRIPT_OUTPUT_FILE_0}\"\n";
			showEnvVarsInLog = 0;
		};
		A6D0624C4B6B0F0AF65D3806 /* [CP] Embed Pods Frameworks */ = {
			isa = PBXShellScriptBuildPhase;
			buildActionMask = 2147483647;
			files = (
			);
			inputPaths = (
				"${SRCROOT}/Pods/Target Support Files/Pods-WebMotors/Pods-WebMotors-frameworks.sh",
				"${BUILT_PRODUCTS_DIR}/Alamofire/Alamofire.framework",
				"${BUILT_PRODUCTS_DIR}/AlamofireImage/AlamofireImage.framework",
			);
			name = "[CP] Embed Pods Frameworks";
			outputPaths = (
				"${TARGET_BUILD_DIR}/${FRAMEWORKS_FOLDER_PATH}/Alamofire.framework",
				"${TARGET_BUILD_DIR}/${FRAMEWORKS_FOLDER_PATH}/AlamofireImage.framework",
			);
			runOnlyForDeploymentPostprocessing = 0;
			shellPath = /bin/sh;
			shellScript = "\"${SRCROOT}/Pods/Target Support Files/Pods-WebMotors/Pods-WebMotors-frameworks.sh\"\n";
			showEnvVarsInLog = 0;
		};
/* End PBXShellScriptBuildPhase section */

/* Begin PBXSourcesBuildPhase section */
		2FDD027920A773DF0094CE33 /* Sources */ = {
			isa = PBXSourcesBuildPhase;
			buildActionMask = 2147483647;
			files = (
				2F3D10C920A77C9C00DEB78E /* parser.swift in Sources */,
				2F3D10CC20A77D9600DEB78E /* carCollectionViewCell.swift in Sources */,
				2FDD028320A773DF0094CE33 /* detailsViewController.swift in Sources */,
				2FDD028120A773DF0094CE33 /* AppDelegate.swift in Sources */,
				2F3D10C520A77C7D00DEB78E /* Car.swift in Sources */,
				2F3D10C720A77C9200DEB78E /* request.swift in Sources */,
				2F3D10C320A77C6D00DEB78E /* carsCollectionViewController.swift in Sources */,
				2FE3C49E20A7D31C0019F59A /* loadingCollectionViewCell.swift in Sources */,
			);
			runOnlyForDeploymentPostprocessing = 0;
		};
		2FDD028D20A773E10094CE33 /* Sources */ = {
			isa = PBXSourcesBuildPhase;
			buildActionMask = 2147483647;
			files = (
				2FDD029620A773E10094CE33 /* WebMotorsTests.swift in Sources */,
			);
			runOnlyForDeploymentPostprocessing = 0;
		};
		2FDD029820A773E10094CE33 /* Sources */ = {
			isa = PBXSourcesBuildPhase;
			buildActionMask = 2147483647;
			files = (
				2FDD02A120A773E10094CE33 /* WebMotorsUITests.swift in Sources */,
			);
			runOnlyForDeploymentPostprocessing = 0;
		};
/* End PBXSourcesBuildPhase section */

/* Begin PBXTargetDependency section */
		2FDD029320A773E10094CE33 /* PBXTargetDependency */ = {
			isa = PBXTargetDependency;
			target = 2FDD027C20A773DF0094CE33 /* WebMotors */;
			targetProxy = 2FDD029220A773E10094CE33 /* PBXContainerItemProxy */;
		};
		2FDD029E20A773E10094CE33 /* PBXTargetDependency */ = {
			isa = PBXTargetDependency;
			target = 2FDD027C20A773DF0094CE33 /* WebMotors */;
			targetProxy = 2FDD029D20A773E10094CE33 /* PBXContainerItemProxy */;
		};
/* End PBXTargetDependency section */

/* Begin PBXVariantGroup section */
		2FDD028420A773DF0094CE33 /* Main.storyboard */ = {
			isa = PBXVariantGroup;
			children = (
				2FDD028520A773DF0094CE33 /* Base */,
			);
			name = Main.storyboard;
			sourceTree = "<group>";
		};
		2FDD028920A773E10094CE33 /* LaunchScreen.storyboard */ = {
			isa = PBXVariantGroup;
			children = (
				2FDD028A20A773E10094CE33 /* Base */,
			);
			name = LaunchScreen.storyboard;
			sourceTree = "<group>";
		};
/* End PBXVariantGroup section */

/* Begin XCBuildConfiguration section */
		2FDD02A320A773E10094CE33 /* Debug */ = {
			isa = XCBuildConfiguration;
			buildSettings = {
				ALWAYS_SEARCH_USER_PATHS = NO;
				CLANG_ANALYZER_NONNULL = YES;
				CLANG_ANALYZER_NUMBER_OBJECT_CONVERSION = YES_AGGRESSIVE;
				CLANG_CXX_LANGUAGE_STANDARD = "gnu++14";
				CLANG_CXX_LIBRARY = "libc++";
				CLANG_ENABLE_MODULES = YES;
				CLANG_ENABLE_OBJC_ARC = YES;
				CLANG_ENABLE_OBJC_WEAK = YES;
				CLANG_WARN_BLOCK_CAPTURE_AUTORELEASING = YES;
				CLANG_WARN_BOOL_CONVERSION = YES;
				CLANG_WARN_COMMA = YES;
				CLANG_WARN_CONSTANT_CONVERSION = YES;
				CLANG_WARN_DEPRECATED_OBJC_IMPLEMENTATIONS = YES;
				CLANG_WARN_DIRECT_OBJC_ISA_USAGE = YES_ERROR;
				CLANG_WARN_DOCUMENTATION_COMMENTS = YES;
				CLANG_WARN_EMPTY_BODY = YES;
				CLANG_WARN_ENUM_CONVERSION = YES;
				CLANG_WARN_INFINITE_RECURSION = YES;
				CLANG_WARN_INT_CONVERSION = YES;
				CLANG_WARN_NON_LITERAL_NULL_CONVERSION = YES;
				CLANG_WARN_OBJC_IMPLICIT_RETAIN_SELF = YES;
				CLANG_WARN_OBJC_LITERAL_CONVERSION = YES;
				CLANG_WARN_OBJC_ROOT_CLASS = YES_ERROR;
				CLANG_WARN_RANGE_LOOP_ANALYSIS = YES;
				CLANG_WARN_STRICT_PROTOTYPES = YES;
				CLANG_WARN_SUSPICIOUS_MOVE = YES;
				CLANG_WARN_UNGUARDED_AVAILABILITY = YES_AGGRESSIVE;
				CLANG_WARN_UNREACHABLE_CODE = YES;
				CLANG_WARN__DUPLICATE_METHOD_MATCH = YES;
				CODE_SIGN_IDENTITY = "iPhone Developer";
				COPY_PHASE_STRIP = NO;
				DEBUG_INFORMATION_FORMAT = dwarf;
				ENABLE_STRICT_OBJC_MSGSEND = YES;
				ENABLE_TESTABILITY = YES;
				GCC_C_LANGUAGE_STANDARD = gnu11;
				GCC_DYNAMIC_NO_PIC = NO;
				GCC_NO_COMMON_BLOCKS = YES;
				GCC_OPTIMIZATION_LEVEL = 0;
				GCC_PREPROCESSOR_DEFINITIONS = (
					"DEBUG=1",
					"$(inherited)",
				);
				GCC_WARN_64_TO_32_BIT_CONVERSION = YES;
				GCC_WARN_ABOUT_RETURN_TYPE = YES_ERROR;
				GCC_WARN_UNDECLARED_SELECTOR = YES;
				GCC_WARN_UNINITIALIZED_AUTOS = YES_AGGRESSIVE;
				GCC_WARN_UNUSED_FUNCTION = YES;
				GCC_WARN_UNUSED_VARIABLE = YES;
				IPHONEOS_DEPLOYMENT_TARGET = 11.3;
				MTL_ENABLE_DEBUG_INFO = YES;
				ONLY_ACTIVE_ARCH = YES;
				SDKROOT = iphoneos;
				SWIFT_ACTIVE_COMPILATION_CONDITIONS = DEBUG;
				SWIFT_OPTIMIZATION_LEVEL = "-Onone";
			};
			name = Debug;
		};
		2FDD02A420A773E10094CE33 /* Release */ = {
			isa = XCBuildConfiguration;
			buildSettings = {
				ALWAYS_SEARCH_USER_PATHS = NO;
				CLANG_ANALYZER_NONNULL = YES;
				CLANG_ANALYZER_NUMBER_OBJECT_CONVERSION = YES_AGGRESSIVE;
				CLANG_CXX_LANGUAGE_STANDARD = "gnu++14";
				CLANG_CXX_LIBRARY = "libc++";
				CLANG_ENABLE_MODULES = YES;
				CLANG_ENABLE_OBJC_ARC = YES;
				CLANG_ENABLE_OBJC_WEAK = YES;
				CLANG_WARN_BLOCK_CAPTURE_AUTORELEASING = YES;
				CLANG_WARN_BOOL_CONVERSION = YES;
				CLANG_WARN_COMMA = YES;
				CLANG_WARN_CONSTANT_CONVERSION = YES;
				CLANG_WARN_DEPRECATED_OBJC_IMPLEMENTATIONS = YES;
				CLANG_WARN_DIRECT_OBJC_ISA_USAGE = YES_ERROR;
				CLANG_WARN_DOCUMENTATION_COMMENTS = YES;
				CLANG_WARN_EMPTY_BODY = YES;
				CLANG_WARN_ENUM_CONVERSION = YES;
				CLANG_WARN_INFINITE_RECURSION = YES;
				CLANG_WARN_INT_CONVERSION = YES;
				CLANG_WARN_NON_LITERAL_NULL_CONVERSION = YES;
				CLANG_WARN_OBJC_IMPLICIT_RETAIN_SELF = YES;
				CLANG_WARN_OBJC_LITERAL_CONVERSION = YES;
				CLANG_WARN_OBJC_ROOT_CLASS = YES_ERROR;
				CLANG_WARN_RANGE_LOOP_ANALYSIS = YES;
				CLANG_WARN_STRICT_PROTOTYPES = YES;
				CLANG_WARN_SUSPICIOUS_MOVE = YES;
				CLANG_WARN_UNGUARDED_AVAILABILITY = YES_AGGRESSIVE;
				CLANG_WARN_UNREACHABLE_CODE = YES;
				CLANG_WARN__DUPLICATE_METHOD_MATCH = YES;
				CODE_SIGN_IDENTITY = "iPhone Developer";
				COPY_PHASE_STRIP = NO;
				DEBUG_INFORMATION_FORMAT = "dwarf-with-dsym";
				ENABLE_NS_ASSERTIONS = NO;
				ENABLE_STRICT_OBJC_MSGSEND = YES;
				GCC_C_LANGUAGE_STANDARD = gnu11;
				GCC_NO_COMMON_BLOCKS = YES;
				GCC_WARN_64_TO_32_BIT_CONVERSION = YES;
				GCC_WARN_ABOUT_RETURN_TYPE = YES_ERROR;
				GCC_WARN_UNDECLARED_SELECTOR = YES;
				GCC_WARN_UNINITIALIZED_AUTOS = YES_AGGRESSIVE;
				GCC_WARN_UNUSED_FUNCTION = YES;
				GCC_WARN_UNUSED_VARIABLE = YES;
				IPHONEOS_DEPLOYMENT_TARGET = 11.3;
				MTL_ENABLE_DEBUG_INFO = NO;
				SDKROOT = iphoneos;
				SWIFT_COMPILATION_MODE = wholemodule;
				SWIFT_OPTIMIZATION_LEVEL = "-O";
				VALIDATE_PRODUCT = YES;
			};
			name = Release;
		};
		2FDD02A620A773E10094CE33 /* Debug */ = {
			isa = XCBuildConfiguration;
			baseConfigurationReference = 1D77288899E6E0645D5CC08F /* Pods-WebMotors.debug.xcconfig */;
			buildSettings = {
				ASSETCATALOG_COMPILER_APPICON_NAME = AppIcon;
				CODE_SIGN_STYLE = Automatic;
				DEVELOPMENT_TEAM = S27M9ZF22P;
				INFOPLIST_FILE = WebMotors/Info.plist;
				LD_RUNPATH_SEARCH_PATHS = (
					"$(inherited)",
					"@executable_path/Frameworks",
				);
				PRODUCT_BUNDLE_IDENTIFIER = com.mattcbr.WebMotors;
				PRODUCT_NAME = "$(TARGET_NAME)";
				SWIFT_VERSION = 4.0;
				TARGETED_DEVICE_FAMILY = "1,2";
			};
			name = Debug;
		};
		2FDD02A720A773E10094CE33 /* Release */ = {
			isa = XCBuildConfiguration;
			baseConfigurationReference = 0D401F57C84697E36F04D253 /* Pods-WebMotors.release.xcconfig */;
			buildSettings = {
				ASSETCATALOG_COMPILER_APPICON_NAME = AppIcon;
				CODE_SIGN_STYLE = Automatic;
				DEVELOPMENT_TEAM = S27M9ZF22P;
				INFOPLIST_FILE = WebMotors/Info.plist;
				LD_RUNPATH_SEARCH_PATHS = (
					"$(inherited)",
					"@executable_path/Frameworks",
				);
				PRODUCT_BUNDLE_IDENTIFIER = com.mattcbr.WebMotors;
				PRODUCT_NAME = "$(TARGET_NAME)";
				SWIFT_VERSION = 4.0;
				TARGETED_DEVICE_FAMILY = "1,2";
			};
			name = Release;
		};
		2FDD02A920A773E10094CE33 /* Debug */ = {
			isa = XCBuildConfiguration;
			buildSettings = {
				ALWAYS_EMBED_SWIFT_STANDARD_LIBRARIES = YES;
				BUNDLE_LOADER = "$(TEST_HOST)";
				CODE_SIGN_STYLE = Automatic;
				INFOPLIST_FILE = WebMotorsTests/Info.plist;
				LD_RUNPATH_SEARCH_PATHS = (
					"$(inherited)",
					"@executable_path/Frameworks",
					"@loader_path/Frameworks",
				);
				PRODUCT_BUNDLE_IDENTIFIER = com.mattcbr.WebMotorsTests;
				PRODUCT_NAME = "$(TARGET_NAME)";
				SWIFT_VERSION = 4.0;
				TARGETED_DEVICE_FAMILY = "1,2";
				TEST_HOST = "$(BUILT_PRODUCTS_DIR)/WebMotors.app/WebMotors";
			};
			name = Debug;
		};
		2FDD02AA20A773E10094CE33 /* Release */ = {
			isa = XCBuildConfiguration;
			buildSettings = {
				ALWAYS_EMBED_SWIFT_STANDARD_LIBRARIES = YES;
				BUNDLE_LOADER = "$(TEST_HOST)";
				CODE_SIGN_STYLE = Automatic;
				INFOPLIST_FILE = WebMotorsTests/Info.plist;
				LD_RUNPATH_SEARCH_PATHS = (
					"$(inherited)",
					"@executable_path/Frameworks",
					"@loader_path/Frameworks",
				);
				PRODUCT_BUNDLE_IDENTIFIER = com.mattcbr.WebMotorsTests;
				PRODUCT_NAME = "$(TARGET_NAME)";
				SWIFT_VERSION = 4.0;
				TARGETED_DEVICE_FAMILY = "1,2";
				TEST_HOST = "$(BUILT_PRODUCTS_DIR)/WebMotors.app/WebMotors";
			};
			name = Release;
		};
		2FDD02AC20A773E10094CE33 /* Debug */ = {
			isa = XCBuildConfiguration;
			buildSettings = {
				ALWAYS_EMBED_SWIFT_STANDARD_LIBRARIES = YES;
				CODE_SIGN_STYLE = Automatic;
				INFOPLIST_FILE = WebMotorsUITests/Info.plist;
				LD_RUNPATH_SEARCH_PATHS = (
					"$(inherited)",
					"@executable_path/Frameworks",
					"@loader_path/Frameworks",
				);
				PRODUCT_BUNDLE_IDENTIFIER = com.mattcbr.WebMotorsUITests;
				PRODUCT_NAME = "$(TARGET_NAME)";
				SWIFT_VERSION = 4.0;
				TARGETED_DEVICE_FAMILY = "1,2";
				TEST_TARGET_NAME = WebMotors;
			};
			name = Debug;
		};
		2FDD02AD20A773E10094CE33 /* Release */ = {
			isa = XCBuildConfiguration;
			buildSettings = {
				ALWAYS_EMBED_SWIFT_STANDARD_LIBRARIES = YES;
				CODE_SIGN_STYLE = Automatic;
				INFOPLIST_FILE = WebMotorsUITests/Info.plist;
				LD_RUNPATH_SEARCH_PATHS = (
					"$(inherited)",
					"@executable_path/Frameworks",
					"@loader_path/Frameworks",
				);
				PRODUCT_BUNDLE_IDENTIFIER = com.mattcbr.WebMotorsUITests;
				PRODUCT_NAME = "$(TARGET_NAME)";
				SWIFT_VERSION = 4.0;
				TARGETED_DEVICE_FAMILY = "1,2";
				TEST_TARGET_NAME = WebMotors;
			};
			name = Release;
		};
/* End XCBuildConfiguration section */

/* Begin XCConfigurationList section */
		2FDD027820A773DF0094CE33 /* Build configuration list for PBXProject "WebMotors" */ = {
			isa = XCConfigurationList;
			buildConfigurations = (
				2FDD02A320A773E10094CE33 /* Debug */,
				2FDD02A420A773E10094CE33 /* Release */,
			);
			defaultConfigurationIsVisible = 0;
			defaultConfigurationName = Release;
		};
		2FDD02A520A773E10094CE33 /* Build configuration list for PBXNativeTarget "WebMotors" */ = {
			isa = XCConfigurationList;
			buildConfigurations = (
				2FDD02A620A773E10094CE33 /* Debug */,
				2FDD02A720A773E10094CE33 /* Release */,
			);
			defaultConfigurationIsVisible = 0;
			defaultConfigurationName = Release;
		};
		2FDD02A820A773E10094CE33 /* Build configuration list for PBXNativeTarget "WebMotorsTests" */ = {
			isa = XCConfigurationList;
			buildConfigurations = (
				2FDD02A920A773E10094CE33 /* Debug */,
				2FDD02AA20A773E10094CE33 /* Release */,
			);
			defaultConfigurationIsVisible = 0;
			defaultConfigurationName = Release;
		};
		2FDD02AB20A773E10094CE33 /* Build configuration list for PBXNativeTarget "WebMotorsUITests" */ = {
			isa = XCConfigurationList;
			buildConfigurations = (
				2FDD02AC20A773E10094CE33 /* Debug */,
				2FDD02AD20A773E10094CE33 /* Release */,
			);
			defaultConfigurationIsVisible = 0;
			defaultConfigurationName = Release;
		};
/* End XCConfigurationList section */
	};
	rootObject = 2FDD027520A773DF0094CE33 /* Project object */;
}
